
Microsoft Visual Studio Solution File, Format Version 12.00
# Visual Studio Version 16
VisualStudioVersion = 16.0.32901.82
MinimumVisualStudioVersion = 10.0.40219.1
Project("{FAE04EC0-301F-11D3-BF4B-00C04F79EFBC}") = "LibraryManagementSystem", "LibraryManagementSystem\LibraryManagementSystem.csproj", "{DF4F637B-BE01-4C2A-A6FD-981FE8209E90}"
EndProject
Global
	GlobalSection(SolutionConfigurationPlatforms) = preSolution
		Debug|Any CPU = Debug|Any CPU
		Release|Any CPU = Release|Any CPU
	EndGlobalSection
	GlobalSection(ProjectConfigurationPlatforms) = postSolution
		{DF4F637B-BE01-4C2A-A6FD-981FE8209E90}.Debug|Any CPU.ActiveCfg = Debug|Any CPU
		{DF4F637B-BE01-4C2A-A6FD-981FE8209E90}.Debug|Any CPU.Build.0 = Debug|Any CPU
		{DF4F637B-BE01-4C2A-A6FD-981FE8209E90}.Release|Any CPU.ActiveCfg = Release|Any CPU
		{DF4F637B-BE01-4C2A-A6FD-981FE8209E90}.Release|Any CPU.Build.0 = Release|Any CPU
	EndGlobalSection
	GlobalSection(SolutionProperties) = preSolution
		HideSolutionNode = FALSE
	EndGlobalSection
	GlobalSection(ExtensibilityGlobals) = postSolution
		SolutionGuid = {634A41AE-57A9-4638-B642-2822637B2AEE}
	EndGlobalSection
EndGlobal
